
Microsoft Visual Studio Solution File, Format Version 12.00
# Visual Studio Version 16
VisualStudioVersion = 16.0.30804.86
MinimumVisualStudioVersion = 10.0.40219.1
Project("{FAE04EC0-301F-11D3-BF4B-00C04F79EFBC}") = "PythonConsole", "PythonConsole\PythonConsole.csproj", "{43F34C42-AA9B-47FE-A8DE-16CF40F4E207}"
EndProject
Global
	GlobalSection(SolutionConfigurationPlatforms) = preSolution
		Debug|Any CPU = Debug|Any CPU
		Release|Any CPU = Release|Any CPU
	EndGlobalSection
	GlobalSection(ProjectConfigurationPlatforms) = postSolution
		{43F34C42-AA9B-47FE-A8DE-16CF40F4E207}.Debug|Any CPU.ActiveCfg = Debug|Any CPU
		{43F34C42-AA9B-47FE-A8DE-16CF40F4E207}.Debug|Any CPU.Build.0 = Debug|Any CPU
		{43F34C42-AA9B-47FE-A8DE-16CF40F4E207}.Release|Any CPU.ActiveCfg = Release|Any CPU
		{43F34C42-AA9B-47FE-A8DE-16CF40F4E207}.Release|Any CPU.Build.0 = Release|Any CPU
	EndGlobalSection
	GlobalSection(SolutionProperties) = preSolution
		HideSolutionNode = FALSE
	EndGlobalSection
	GlobalSection(ExtensibilityGlobals) = postSolution
		SolutionGuid = {4AB09BD5-78FC-4527-A407-A9249FFB480B}
	EndGlobalSection
EndGlobal
